PODS:
  - ADAL (2.6.1):
    - ADAL/app-lib (= 2.6.1)
  - ADAL/app-lib (2.6.1):
    - ADAL/tokencacheheader
  - ADAL/tokencacheheader (2.6.1)

DEPENDENCIES:
  - ADAL (~> 2.6)

SPEC CHECKSUMS:
  ADAL: 1f63f8a2ae0c89c818ba0d8c406bdef698998dd7

PODFILE CHECKSUM: 0673d5b907fc082f588ad17ef5f46f5c24978701

COCOAPODS: 1.4.0
