PODS:
  - ADAL (2.5.1):
    - ADAL/app-lib (= 2.5.1)
  - ADAL/app-lib (2.5.1):
    - ADAL/tokencacheheader
  - ADAL/tokencacheheader (2.5.1)

DEPENDENCIES:
  - ADAL (~> 2.5)

SPEC CHECKSUMS:
  ADAL: d35c3e381b882f5bd6931b057854e0d6cbb2356d

PODFILE CHECKSUM: 19d1c6963a871d0edd5a212f5b1d6b773b640081

COCOAPODS: 1.3.0.beta.1
